
Microsoft Visual Studio Solution File, Format Version 12.00
# Visual Studio Version 16
VisualStudioVersion = 16.0.34114.132
MinimumVisualStudioVersion = 10.0.40219.1
Project("{FAE04EC0-301F-11D3-BF4B-00C04F79EFBC}") = "EmployeesRegistration", "EmployeesRegistration\EmployeesRegistration.csproj", "{66D07F97-6713-445D-BFCB-24C1A9D5A603}"
EndProject
Global
	GlobalSection(SolutionConfigurationPlatforms) = preSolution
		Debug|Any CPU = Debug|Any CPU
		Release|Any CPU = Release|Any CPU
	EndGlobalSection
	GlobalSection(ProjectConfigurationPlatforms) = postSolution
		{66D07F97-6713-445D-BFCB-24C1A9D5A603}.Debug|Any CPU.ActiveCfg = Debug|Any CPU
		{66D07F97-6713-445D-BFCB-24C1A9D5A603}.Debug|Any CPU.Build.0 = Debug|Any CPU
		{66D07F97-6713-445D-BFCB-24C1A9D5A603}.Release|Any CPU.ActiveCfg = Release|Any CPU
		{66D07F97-6713-445D-BFCB-24C1A9D5A603}.Release|Any CPU.Build.0 = Release|Any CPU
	EndGlobalSection
	GlobalSection(SolutionProperties) = preSolution
		HideSolutionNode = FALSE
	EndGlobalSection
	GlobalSection(ExtensibilityGlobals) = postSolution
		SolutionGuid = {30002968-698B-489B-8A5A-7F66331AB925}
	EndGlobalSection
EndGlobal
